
Microsoft Visual Studio Solution File, Format Version 12.00
# Visual Studio Version 17
VisualStudioVersion = 17.0.31903.59
MinimumVisualStudioVersion = 10.0.40219.1
Project("{FAE04EC0-301F-11D3-BF4B-00C04F79EFBC}") = "Together.Api", "Together.Api\Together.Api.csproj", "{4CE121B7-DB09-4045-8F3D-4DF4A9CCD6CD}"
EndProject
Project("{FAE04EC0-301F-11D3-BF4B-00C04F79EFBC}") = "Together.Application", "Together.Application\Together.Application.csproj", "{4E34A8DC-AED9-4529-B7B4-E801D62F8DAD}"
EndProject
Project("{FAE04EC0-301F-11D3-BF4B-00C04F79EFBC}") = "Together.Contract", "Together.Contract\Together.Contract.csproj", "{3CC52CC6-3820-42E7-9D17-428DA750BDD5}"
EndProject
Project("{FAE04EC0-301F-11D3-BF4B-00C04F79EFBC}") = "Together.Domain", "Together.Domain\Together.Domain.csproj", "{0BDB5AF0-7C0C-44A8-A479-A469892332D6}"
EndProject
Project("{FAE04EC0-301F-11D3-BF4B-00C04F79EFBC}") = "Together.Infrastructure", "Together.Infrastructure\Together.Infrastructure.csproj", "{11A412CC-B35B-494F-B2D2-BB47D81442F4}"
EndProject
Global
	GlobalSection(SolutionConfigurationPlatforms) = preSolution
		Debug|Any CPU = Debug|Any CPU
		Release|Any CPU = Release|Any CPU
	EndGlobalSection
	GlobalSection(SolutionProperties) = preSolution
		HideSolutionNode = FALSE
	EndGlobalSection
	GlobalSection(ProjectConfigurationPlatforms) = postSolution
		{4CE121B7-DB09-4045-8F3D-4DF4A9CCD6CD}.Debug|Any CPU.ActiveCfg = Debug|Any CPU
		{4CE121B7-DB09-4045-8F3D-4DF4A9CCD6CD}.Debug|Any CPU.Build.0 = Debug|Any CPU
		{4CE121B7-DB09-4045-8F3D-4DF4A9CCD6CD}.Release|Any CPU.ActiveCfg = Release|Any CPU
		{4CE121B7-DB09-4045-8F3D-4DF4A9CCD6CD}.Release|Any CPU.Build.0 = Release|Any CPU
		{4E34A8DC-AED9-4529-B7B4-E801D62F8DAD}.Debug|Any CPU.ActiveCfg = Debug|Any CPU
		{4E34A8DC-AED9-4529-B7B4-E801D62F8DAD}.Debug|Any CPU.Build.0 = Debug|Any CPU
		{4E34A8DC-AED9-4529-B7B4-E801D62F8DAD}.Release|Any CPU.ActiveCfg = Release|Any CPU
		{4E34A8DC-AED9-4529-B7B4-E801D62F8DAD}.Release|Any CPU.Build.0 = Release|Any CPU
		{3CC52CC6-3820-42E7-9D17-428DA750BDD5}.Debug|Any CPU.ActiveCfg = Debug|Any CPU
		{3CC52CC6-3820-42E7-9D17-428DA750BDD5}.Debug|Any CPU.Build.0 = Debug|Any CPU
		{3CC52CC6-3820-42E7-9D17-428DA750BDD5}.Release|Any CPU.ActiveCfg = Release|Any CPU
		{3CC52CC6-3820-42E7-9D17-428DA750BDD5}.Release|Any CPU.Build.0 = Release|Any CPU
		{0BDB5AF0-7C0C-44A8-A479-A469892332D6}.Debug|Any CPU.ActiveCfg = Debug|Any CPU
		{0BDB5AF0-7C0C-44A8-A479-A469892332D6}.Debug|Any CPU.Build.0 = Debug|Any CPU
		{0BDB5AF0-7C0C-44A8-A479-A469892332D6}.Release|Any CPU.ActiveCfg = Release|Any CPU
		{0BDB5AF0-7C0C-44A8-A479-A469892332D6}.Release|Any CPU.Build.0 = Release|Any CPU
		{11A412CC-B35B-494F-B2D2-BB47D81442F4}.Debug|Any CPU.ActiveCfg = Debug|Any CPU
		{11A412CC-B35B-494F-B2D2-BB47D81442F4}.Debug|Any CPU.Build.0 = Debug|Any CPU
		{11A412CC-B35B-494F-B2D2-BB47D81442F4}.Release|Any CPU.ActiveCfg = Release|Any CPU
		{11A412CC-B35B-494F-B2D2-BB47D81442F4}.Release|Any CPU.Build.0 = Release|Any CPU
	EndGlobalSection
EndGlobal
